
Microsoft Visual Studio Solution File, Format Version 12.00
# Visual Studio Version 16
VisualStudioVersion = 16.0.29025.244
MinimumVisualStudioVersion = 10.0.40219.1
Project("{FAE04EC0-301F-11D3-BF4B-00C04F79EFBC}") = "PropertyAPI", "PropertyAPI\PropertyAPI.csproj", "{781541C0-4AC1-415B-B312-4F955E6946BF}"
EndProject
Project("{2150E333-8FDC-42A3-9474-1A3956D46DE8}") = "Tests", "Tests", "{12C8F67C-60CD-431B-9CC5-E73A9B11FCA1}"
EndProject
Project("{FAE04EC0-301F-11D3-BF4B-00C04F79EFBC}") = "PropertyAPI.Tests", "PropertyAPI.Tests\PropertyAPI.Tests.csproj", "{0889E4CF-F724-4DFD-8D99-EA4E9775A7CD}"
EndProject
Global
	GlobalSection(SolutionConfigurationPlatforms) = preSolution
		Debug|Any CPU = Debug|Any CPU
		Release|Any CPU = Release|Any CPU
	EndGlobalSection
	GlobalSection(ProjectConfigurationPlatforms) = postSolution
		{781541C0-4AC1-415B-B312-4F955E6946BF}.Debug|Any CPU.ActiveCfg = Debug|Any CPU
		{781541C0-4AC1-415B-B312-4F955E6946BF}.Debug|Any CPU.Build.0 = Debug|Any CPU
		{781541C0-4AC1-415B-B312-4F955E6946BF}.Release|Any CPU.ActiveCfg = Release|Any CPU
		{781541C0-4AC1-415B-B312-4F955E6946BF}.Release|Any CPU.Build.0 = Release|Any CPU
		{0889E4CF-F724-4DFD-8D99-EA4E9775A7CD}.Debug|Any CPU.ActiveCfg = Debug|Any CPU
		{0889E4CF-F724-4DFD-8D99-EA4E9775A7CD}.Debug|Any CPU.Build.0 = Debug|Any CPU
		{0889E4CF-F724-4DFD-8D99-EA4E9775A7CD}.Release|Any CPU.ActiveCfg = Release|Any CPU
		{0889E4CF-F724-4DFD-8D99-EA4E9775A7CD}.Release|Any CPU.Build.0 = Release|Any CPU
	EndGlobalSection
	GlobalSection(SolutionProperties) = preSolution
		HideSolutionNode = FALSE
	EndGlobalSection
	GlobalSection(NestedProjects) = preSolution
		{0889E4CF-F724-4DFD-8D99-EA4E9775A7CD} = {12C8F67C-60CD-431B-9CC5-E73A9B11FCA1}
	EndGlobalSection
	GlobalSection(ExtensibilityGlobals) = postSolution
		SolutionGuid = {BDFAB3B6-0E3D-4C29-A012-1E0D54EAF040}
	EndGlobalSection
EndGlobal
